PODS:
  - JetPack (1.0.0)

DEPENDENCIES:
  - JetPack (from `https://github.com/mmrmmlrr/JetPack`)

EXTERNAL SOURCES:
  JetPack:
    :git: https://github.com/mmrmmlrr/JetPack

CHECKOUT OPTIONS:
  JetPack:
    :commit: 64612242d6906fa6058228c677d57a56408bc02a
    :git: https://github.com/mmrmmlrr/JetPack

SPEC CHECKSUMS:
  JetPack: 7b4e8f47fda9f403452b7abc0fdcd7214c2cd755

PODFILE CHECKSUM: 25ab520e2897e2c2ae2953b91ffc26e13038011c

COCOAPODS: 1.0.1
