PODS:
  - JetPack (1.0.0)

DEPENDENCIES:
  - JetPack (from `https://github.com/mmrmmlrr/JetPack`)

EXTERNAL SOURCES:
  JetPack:
    :git: https://github.com/mmrmmlrr/JetPack

CHECKOUT OPTIONS:
  JetPack:
    :commit: 4a1bd81fed65b2ceba3c726fae9bdd5ba76272ec
    :git: https://github.com/mmrmmlrr/JetPack

SPEC CHECKSUMS:
  JetPack: b7315343ba45db6ef3bc5a65e96161a59a172bb3

PODFILE CHECKSUM: 25ab520e2897e2c2ae2953b91ffc26e13038011c

COCOAPODS: 1.0.1
