// !$*UTF8*$!
{
	archiveVersion = 1;
	classes = {
	};
	objectVersion = 46;
	objects = {

/* Begin PBXBuildFile section */
		5B0DE7091C9507E100D02053 /* UIButton+Signal.swift in Sources */ = {isa = PBXBuildFile; fileRef = 5B0DE7081C9507E100D02053 /* UIButton+Signal.swift */; };
		5B1508EC1C2943E6009A880C /* DeinitSignalTests.swift in Sources */ = {isa = PBXBuildFile; fileRef = 5B1508EB1C2943E6009A880C /* DeinitSignalTests.swift */; };
		5B18E0D11C8359D900FD22B4 /* SessionEvent.swift in Sources */ = {isa = PBXBuildFile; fileRef = 5B18E0D01C8359D900FD22B4 /* SessionEvent.swift */; };
		5B18E0D61C835F6000FD22B4 /* NSObject+DeinitObservable.swift in Sources */ = {isa = PBXBuildFile; fileRef = 5B18E0D41C835F6000FD22B4 /* NSObject+DeinitObservable.swift */; };
		5B18E0D71C835F6000FD22B4 /* NSObject+Pool.swift in Sources */ = {isa = PBXBuildFile; fileRef = 5B18E0D51C835F6000FD22B4 /* NSObject+Pool.swift */; };
		5B18E10D1C853C1900FD22B4 /* ValuesStack.swift in Sources */ = {isa = PBXBuildFile; fileRef = 5B18E10C1C853C1900FD22B4 /* ValuesStack.swift */; };
		5B18E10F1C853EC600FD22B4 /* ValuesStackTests.swift in Sources */ = {isa = PBXBuildFile; fileRef = 5B18E10E1C853EC600FD22B4 /* ValuesStackTests.swift */; };
		5B18E1131C85417500FD22B4 /* SessionCredentials.swift in Sources */ = {isa = PBXBuildFile; fileRef = 5BB53FE91C25D60500246130 /* SessionCredentials.swift */; };
		5B1F9DB91C8BC57100F96644 /* UITextField+Signal.swift in Sources */ = {isa = PBXBuildFile; fileRef = 5B1F9DB81C8BC57100F96644 /* UITextField+Signal.swift */; };
		5B1F9DBB1C8BC5AA00F96644 /* USegmentedControl+Signal.swift in Sources */ = {isa = PBXBuildFile; fileRef = 5B1F9DBA1C8BC5AA00F96644 /* USegmentedControl+Signal.swift */; };
		5B1F9DBE1C8BD04800F96644 /* UISwitch+Signal.swift in Sources */ = {isa = PBXBuildFile; fileRef = 5B1F9DBD1C8BD04800F96644 /* UISwitch+Signal.swift */; };
		5B1F9DC01C8BD6F200F96644 /* UISlider+Signal.swift in Sources */ = {isa = PBXBuildFile; fileRef = 5B1F9DBF1C8BD6F200F96644 /* UISlider+Signal.swift */; };
		5B1F9DC21C8BE2E100F96644 /* UIStepper+Signal.swift in Sources */ = {isa = PBXBuildFile; fileRef = 5B1F9DC11C8BE2E100F96644 /* UIStepper+Signal.swift */; };
		5B1F9DC41C8BEC7300F96644 /* UIControl+Signal.swift in Sources */ = {isa = PBXBuildFile; fileRef = 5B1F9DC31C8BEC7300F96644 /* UIControl+Signal.swift */; };
		5BB53FAD1C25D5AC00246130 /* ModelsTreeKit.h in Headers */ = {isa = PBXBuildFile; fileRef = 5BB53FAC1C25D5AC00246130 /* ModelsTreeKit.h */; settings = {ATTRIBUTES = (Public, ); }; };
		5BB53FB41C25D5AC00246130 /* ModelsTreeKit.framework in Frameworks */ = {isa = PBXBuildFile; fileRef = 5BB53FA91C25D5AC00246130 /* ModelsTreeKit.framework */; };
		5BB53FF91C25D60500246130 /* Archivable.swift in Sources */ = {isa = PBXBuildFile; fileRef = 5BB53FC61C25D60500246130 /* Archivable.swift */; };
		5BB53FFA1C25D60500246130 /* Archivable.swift in Sources */ = {isa = PBXBuildFile; fileRef = 5BB53FC61C25D60500246130 /* Archivable.swift */; };
		5BB53FFF1C25D60500246130 /* Error.swift in Sources */ = {isa = PBXBuildFile; fileRef = 5BB53FCC1C25D60500246130 /* Error.swift */; };
		5BB540001C25D60500246130 /* Error.swift in Sources */ = {isa = PBXBuildFile; fileRef = 5BB53FCC1C25D60500246130 /* Error.swift */; };
		5BB540031C25D60500246130 /* Array+Extensions.swift in Sources */ = {isa = PBXBuildFile; fileRef = 5BB53FCF1C25D60500246130 /* Array+Extensions.swift */; };
		5BB540041C25D60500246130 /* Array+Extensions.swift in Sources */ = {isa = PBXBuildFile; fileRef = 5BB53FCF1C25D60500246130 /* Array+Extensions.swift */; };
		5BB540081C25D60500246130 /* List.swift in Sources */ = {isa = PBXBuildFile; fileRef = 5BB53FD41C25D60500246130 /* List.swift */; };
		5BB540091C25D60500246130 /* List.swift in Sources */ = {isa = PBXBuildFile; fileRef = 5BB53FD41C25D60500246130 /* List.swift */; };
		5BB5400A1C25D60500246130 /* ListDataSource.swift in Sources */ = {isa = PBXBuildFile; fileRef = 5BB53FD51C25D60500246130 /* ListDataSource.swift */; };
		5BB5400C1C25D60500246130 /* ObjectsDataSource.swift in Sources */ = {isa = PBXBuildFile; fileRef = 5BB53FD61C25D60500246130 /* ObjectsDataSource.swift */; };
		5BB5400D1C25D60500246130 /* ObjectsDataSource.swift in Sources */ = {isa = PBXBuildFile; fileRef = 5BB53FD61C25D60500246130 /* ObjectsDataSource.swift */; };
		5BB5400E1C25D60500246130 /* StaticDataSource.swift in Sources */ = {isa = PBXBuildFile; fileRef = 5BB53FD71C25D60500246130 /* StaticDataSource.swift */; };
		5BB5400F1C25D60500246130 /* StaticDataSource.swift in Sources */ = {isa = PBXBuildFile; fileRef = 5BB53FD71C25D60500246130 /* StaticDataSource.swift */; };
		5BB540101C25D60500246130 /* Model.swift in Sources */ = {isa = PBXBuildFile; fileRef = 5BB53FD91C25D60500246130 /* Model.swift */; };
		5BB540121C25D60500246130 /* ModelAssignable.swift in Sources */ = {isa = PBXBuildFile; fileRef = 5BB53FDA1C25D60500246130 /* ModelAssignable.swift */; };
		5BB540131C25D60500246130 /* ModelAssignable.swift in Sources */ = {isa = PBXBuildFile; fileRef = 5BB53FDA1C25D60500246130 /* ModelAssignable.swift */; };
		5BB540141C25D60500246130 /* ObjectConsuming.swift in Sources */ = {isa = PBXBuildFile; fileRef = 5BB53FDC1C25D60500246130 /* ObjectConsuming.swift */; };
		5BB540151C25D60500246130 /* ObjectConsuming.swift in Sources */ = {isa = PBXBuildFile; fileRef = 5BB53FDC1C25D60500246130 /* ObjectConsuming.swift */; };
		5BB540161C25D60500246130 /* TableViewCell.swift in Sources */ = {isa = PBXBuildFile; fileRef = 5BB53FDD1C25D60500246130 /* TableViewCell.swift */; };
		5BB540171C25D60500246130 /* TableViewCell.swift in Sources */ = {isa = PBXBuildFile; fileRef = 5BB53FDD1C25D60500246130 /* TableViewCell.swift */; };
		5BB540181C25D60500246130 /* RootProtocols.swift in Sources */ = {isa = PBXBuildFile; fileRef = 5BB53FDF1C25D60500246130 /* RootProtocols.swift */; };
		5BB540191C25D60500246130 /* RootProtocols.swift in Sources */ = {isa = PBXBuildFile; fileRef = 5BB53FDF1C25D60500246130 /* RootProtocols.swift */; };
		5BB5401A1C25D60500246130 /* Service.swift in Sources */ = {isa = PBXBuildFile; fileRef = 5BB53FE11C25D60500246130 /* Service.swift */; };
		5BB5401B1C25D60500246130 /* Service.swift in Sources */ = {isa = PBXBuildFile; fileRef = 5BB53FE11C25D60500246130 /* Service.swift */; };
		5BB5401C1C25D60500246130 /* ServiceLocator.swift in Sources */ = {isa = PBXBuildFile; fileRef = 5BB53FE31C25D60500246130 /* ServiceLocator.swift */; };
		5BB5401D1C25D60500246130 /* ServiceLocator.swift in Sources */ = {isa = PBXBuildFile; fileRef = 5BB53FE31C25D60500246130 /* ServiceLocator.swift */; };
		5BB5401E1C25D60500246130 /* LoginSession.swift in Sources */ = {isa = PBXBuildFile; fileRef = 5BB53FE51C25D60500246130 /* LoginSession.swift */; };
		5BB5401F1C25D60500246130 /* LoginSession.swift in Sources */ = {isa = PBXBuildFile; fileRef = 5BB53FE51C25D60500246130 /* LoginSession.swift */; };
		5BB540201C25D60500246130 /* Session.swift in Sources */ = {isa = PBXBuildFile; fileRef = 5BB53FE61C25D60500246130 /* Session.swift */; };
		5BB540241C25D60500246130 /* SessionController.swift in Sources */ = {isa = PBXBuildFile; fileRef = 5BB53FE81C25D60500246130 /* SessionController.swift */; };
		5BB5402A1C25D60500246130 /* UserSession.swift in Sources */ = {isa = PBXBuildFile; fileRef = 5BB53FEB1C25D60500246130 /* UserSession.swift */; };
		5BB5402B1C25D60500246130 /* UserSession.swift in Sources */ = {isa = PBXBuildFile; fileRef = 5BB53FEB1C25D60500246130 /* UserSession.swift */; };
		5BB5402C1C25D60500246130 /* AutodisposePool.swift in Sources */ = {isa = PBXBuildFile; fileRef = 5BB53FED1C25D60500246130 /* AutodisposePool.swift */; };
		5BB5402D1C25D60500246130 /* AutodisposePool.swift in Sources */ = {isa = PBXBuildFile; fileRef = 5BB53FED1C25D60500246130 /* AutodisposePool.swift */; };
		5BB5402E1C25D60500246130 /* Disposable.swift in Sources */ = {isa = PBXBuildFile; fileRef = 5BB53FEE1C25D60500246130 /* Disposable.swift */; };
		5BB540301C25D60500246130 /* Signal.swift in Sources */ = {isa = PBXBuildFile; fileRef = 5BB53FEF1C25D60500246130 /* Signal.swift */; };
		5BB540321C25D60500246130 /* DeinitNotifier.swift in Sources */ = {isa = PBXBuildFile; fileRef = 5BB53FF01C25D60500246130 /* DeinitNotifier.swift */; };
		5BB540331C25D60500246130 /* DeinitNotifier.swift in Sources */ = {isa = PBXBuildFile; fileRef = 5BB53FF01C25D60500246130 /* DeinitNotifier.swift */; };
		5BB540341C25D60500246130 /* TSTTransitionViewController.h in Headers */ = {isa = PBXBuildFile; fileRef = 5BB53FF21C25D60500246130 /* TSTTransitionViewController.h */; settings = {ATTRIBUTES = (Public, ); }; };
		5BB540351C25D60500246130 /* TSTTransitionViewController.m in Sources */ = {isa = PBXBuildFile; fileRef = 5BB53FF31C25D60500246130 /* TSTTransitionViewController.m */; };
		5BB540361C25D60500246130 /* TSTTransitionViewController.m in Sources */ = {isa = PBXBuildFile; fileRef = 5BB53FF31C25D60500246130 /* TSTTransitionViewController.m */; };
		5BB540371C25D60500246130 /* CollectionViewAdapter.swift in Sources */ = {isa = PBXBuildFile; fileRef = 5BB53FF51C25D60500246130 /* CollectionViewAdapter.swift */; };
		5BB540391C25D60500246130 /* TableViewAdapter.swift in Sources */ = {isa = PBXBuildFile; fileRef = 5BB53FF61C25D60500246130 /* TableViewAdapter.swift */; };
		5BB540421C25D6F300246130 /* BridgingHeader.h in Headers */ = {isa = PBXBuildFile; fileRef = 5BB540411C25D6EF00246130 /* BridgingHeader.h */; settings = {ATTRIBUTES = (Public, ); }; };
		5BB540E41C26758B00246130 /* ListBasicTests.swift in Sources */ = {isa = PBXBuildFile; fileRef = 5BB540E31C26758B00246130 /* ListBasicTests.swift */; };
		5BBFBDF61C2681870001E5B3 /* KeychainItemWrapper.h in Headers */ = {isa = PBXBuildFile; fileRef = 5BBFBDF41C2681870001E5B3 /* KeychainItemWrapper.h */; settings = {ATTRIBUTES = (Public, ); }; };
		5BBFBDF71C2681870001E5B3 /* KeychainItemWrapper.m in Sources */ = {isa = PBXBuildFile; fileRef = 5BBFBDF51C2681870001E5B3 /* KeychainItemWrapper.m */; };
		5BBFBDF81C2681870001E5B3 /* KeychainItemWrapper.m in Sources */ = {isa = PBXBuildFile; fileRef = 5BBFBDF51C2681870001E5B3 /* KeychainItemWrapper.m */; };
		5BBFBE011C268AEE0001E5B3 /* UpdatesPoolTests.swift in Sources */ = {isa = PBXBuildFile; fileRef = 5BBFBDFF1C268AEE0001E5B3 /* UpdatesPoolTests.swift */; };
		5BBFBE041C26A2750001E5B3 /* SignalTests.swift in Sources */ = {isa = PBXBuildFile; fileRef = 5BBFBE021C26A2750001E5B3 /* SignalTests.swift */; };
		5BD081A21C818A8D00269752 /* DeinitObservable.swift in Sources */ = {isa = PBXBuildFile; fileRef = 5BD081A11C818A8D00269752 /* DeinitObservable.swift */; };
		5BD081AF1C819EA000269752 /* BubbleNotification.swift in Sources */ = {isa = PBXBuildFile; fileRef = 5BD081AE1C819EA000269752 /* BubbleNotification.swift */; };
		5BD081BA1C81DDC100269752 /* SessionControllerConfiguration.swift in Sources */ = {isa = PBXBuildFile; fileRef = 5BD081B91C81DDC100269752 /* SessionControllerConfiguration.swift */; };
		5BFBD4C81C27D8A6002B17F0 /* SubscriptionTests.swift in Sources */ = {isa = PBXBuildFile; fileRef = 5BFBD4C71C27D8A6002B17F0 /* SubscriptionTests.swift */; };
/* End PBXBuildFile section */

/* Begin PBXContainerItemProxy section */
		5BB53FB51C25D5AC00246130 /* PBXContainerItemProxy */ = {
			isa = PBXContainerItemProxy;
			containerPortal = 5BB53FA01C25D5AC00246130 /* Project object */;
			proxyType = 1;
			remoteGlobalIDString = 5BB53FA81C25D5AC00246130;
			remoteInfo = ModelsTreeKit;
		};
/* End PBXContainerItemProxy section */

/* Begin PBXFileReference section */
		5B0DE7081C9507E100D02053 /* UIButton+Signal.swift */ = {isa = PBXFileReference; fileEncoding = 4; lastKnownFileType = sourcecode.swift; path = "UIButton+Signal.swift"; sourceTree = "<group>"; };
		5B1508EB1C2943E6009A880C /* DeinitSignalTests.swift */ = {isa = PBXFileReference; fileEncoding = 4; lastKnownFileType = sourcecode.swift; path = DeinitSignalTests.swift; sourceTree = "<group>"; };
		5B18E0D01C8359D900FD22B4 /* SessionEvent.swift */ = {isa = PBXFileReference; fileEncoding = 4; lastKnownFileType = sourcecode.swift; path = SessionEvent.swift; sourceTree = "<group>"; };
		5B18E0D41C835F6000FD22B4 /* NSObject+DeinitObservable.swift */ = {isa = PBXFileReference; fileEncoding = 4; lastKnownFileType = sourcecode.swift; path = "NSObject+DeinitObservable.swift"; sourceTree = "<group>"; };
		5B18E0D51C835F6000FD22B4 /* NSObject+Pool.swift */ = {isa = PBXFileReference; fileEncoding = 4; lastKnownFileType = sourcecode.swift; path = "NSObject+Pool.swift"; sourceTree = "<group>"; };
		5B18E10C1C853C1900FD22B4 /* ValuesStack.swift */ = {isa = PBXFileReference; fileEncoding = 4; lastKnownFileType = sourcecode.swift; path = ValuesStack.swift; sourceTree = "<group>"; };
		5B18E10E1C853EC600FD22B4 /* ValuesStackTests.swift */ = {isa = PBXFileReference; fileEncoding = 4; lastKnownFileType = sourcecode.swift; path = ValuesStackTests.swift; sourceTree = "<group>"; };
		5B1F9DB81C8BC57100F96644 /* UITextField+Signal.swift */ = {isa = PBXFileReference; fileEncoding = 4; lastKnownFileType = sourcecode.swift; path = "UITextField+Signal.swift"; sourceTree = "<group>"; };
		5B1F9DBA1C8BC5AA00F96644 /* USegmentedControl+Signal.swift */ = {isa = PBXFileReference; fileEncoding = 4; lastKnownFileType = sourcecode.swift; path = "USegmentedControl+Signal.swift"; sourceTree = "<group>"; };
		5B1F9DBD1C8BD04800F96644 /* UISwitch+Signal.swift */ = {isa = PBXFileReference; fileEncoding = 4; lastKnownFileType = sourcecode.swift; path = "UISwitch+Signal.swift"; sourceTree = "<group>"; };
		5B1F9DBF1C8BD6F200F96644 /* UISlider+Signal.swift */ = {isa = PBXFileReference; fileEncoding = 4; lastKnownFileType = sourcecode.swift; path = "UISlider+Signal.swift"; sourceTree = "<group>"; };
		5B1F9DC11C8BE2E100F96644 /* UIStepper+Signal.swift */ = {isa = PBXFileReference; fileEncoding = 4; lastKnownFileType = sourcecode.swift; path = "UIStepper+Signal.swift"; sourceTree = "<group>"; };
		5B1F9DC31C8BEC7300F96644 /* UIControl+Signal.swift */ = {isa = PBXFileReference; fileEncoding = 4; lastKnownFileType = sourcecode.swift; path = "UIControl+Signal.swift"; sourceTree = "<group>"; };
		5B8BAC861C27BEFA000389C2 /* ListTests.swift */ = {isa = PBXFileReference; fileEncoding = 4; lastKnownFileType = sourcecode.swift; path = ListTests.swift; sourceTree = "<group>"; };
		5BB53FA91C25D5AC00246130 /* ModelsTreeKit.framework */ = {isa = PBXFileReference; explicitFileType = wrapper.framework; includeInIndex = 0; path = ModelsTreeKit.framework; sourceTree = BUILT_PRODUCTS_DIR; };
		5BB53FAC1C25D5AC00246130 /* ModelsTreeKit.h */ = {isa = PBXFileReference; lastKnownFileType = sourcecode.c.h; path = ModelsTreeKit.h; sourceTree = "<group>"; };
		5BB53FAE1C25D5AC00246130 /* Info.plist */ = {isa = PBXFileReference; lastKnownFileType = text.plist.xml; path = Info.plist; sourceTree = "<group>"; };
		5BB53FB31C25D5AC00246130 /* ModelsTreeKitTests.xctest */ = {isa = PBXFileReference; explicitFileType = wrapper.cfbundle; includeInIndex = 0; path = ModelsTreeKitTests.xctest; sourceTree = BUILT_PRODUCTS_DIR; };
		5BB53FBA1C25D5AC00246130 /* Info.plist */ = {isa = PBXFileReference; lastKnownFileType = text.plist.xml; path = Info.plist; sourceTree = "<group>"; };
		5BB53FC61C25D60500246130 /* Archivable.swift */ = {isa = PBXFileReference; fileEncoding = 4; lastKnownFileType = sourcecode.swift; path = Archivable.swift; sourceTree = "<group>"; };
		5BB53FCC1C25D60500246130 /* Error.swift */ = {isa = PBXFileReference; fileEncoding = 4; lastKnownFileType = sourcecode.swift; path = Error.swift; sourceTree = "<group>"; };
		5BB53FCF1C25D60500246130 /* Array+Extensions.swift */ = {isa = PBXFileReference; fileEncoding = 4; lastKnownFileType = sourcecode.swift; path = "Array+Extensions.swift"; sourceTree = "<group>"; };
		5BB53FD41C25D60500246130 /* List.swift */ = {isa = PBXFileReference; fileEncoding = 4; lastKnownFileType = sourcecode.swift; path = List.swift; sourceTree = "<group>"; };
		5BB53FD51C25D60500246130 /* ListDataSource.swift */ = {isa = PBXFileReference; fileEncoding = 4; lastKnownFileType = sourcecode.swift; path = ListDataSource.swift; sourceTree = "<group>"; };
		5BB53FD61C25D60500246130 /* ObjectsDataSource.swift */ = {isa = PBXFileReference; fileEncoding = 4; lastKnownFileType = sourcecode.swift; path = ObjectsDataSource.swift; sourceTree = "<group>"; };
		5BB53FD71C25D60500246130 /* StaticDataSource.swift */ = {isa = PBXFileReference; fileEncoding = 4; lastKnownFileType = sourcecode.swift; path = StaticDataSource.swift; sourceTree = "<group>"; };
		5BB53FD91C25D60500246130 /* Model.swift */ = {isa = PBXFileReference; fileEncoding = 4; lastKnownFileType = sourcecode.swift; path = Model.swift; sourceTree = "<group>"; };
		5BB53FDA1C25D60500246130 /* ModelAssignable.swift */ = {isa = PBXFileReference; fileEncoding = 4; lastKnownFileType = sourcecode.swift; path = ModelAssignable.swift; sourceTree = "<group>"; };
		5BB53FDC1C25D60500246130 /* ObjectConsuming.swift */ = {isa = PBXFileReference; fileEncoding = 4; lastKnownFileType = sourcecode.swift; path = ObjectConsuming.swift; sourceTree = "<group>"; };
		5BB53FDD1C25D60500246130 /* TableViewCell.swift */ = {isa = PBXFileReference; fileEncoding = 4; lastKnownFileType = sourcecode.swift; path = TableViewCell.swift; sourceTree = "<group>"; };
		5BB53FDF1C25D60500246130 /* RootProtocols.swift */ = {isa = PBXFileReference; fileEncoding = 4; lastKnownFileType = sourcecode.swift; path = RootProtocols.swift; sourceTree = "<group>"; };
		5BB53FE11C25D60500246130 /* Service.swift */ = {isa = PBXFileReference; fileEncoding = 4; lastKnownFileType = sourcecode.swift; path = Service.swift; sourceTree = "<group>"; };
		5BB53FE31C25D60500246130 /* ServiceLocator.swift */ = {isa = PBXFileReference; fileEncoding = 4; lastKnownFileType = sourcecode.swift; path = ServiceLocator.swift; sourceTree = "<group>"; };
		5BB53FE51C25D60500246130 /* LoginSession.swift */ = {isa = PBXFileReference; fileEncoding = 4; lastKnownFileType = sourcecode.swift; path = LoginSession.swift; sourceTree = "<group>"; };
		5BB53FE61C25D60500246130 /* Session.swift */ = {isa = PBXFileReference; fileEncoding = 4; lastKnownFileType = sourcecode.swift; path = Session.swift; sourceTree = "<group>"; };
		5BB53FE81C25D60500246130 /* SessionController.swift */ = {isa = PBXFileReference; fileEncoding = 4; lastKnownFileType = sourcecode.swift; path = SessionController.swift; sourceTree = "<group>"; };
		5BB53FE91C25D60500246130 /* SessionCredentials.swift */ = {isa = PBXFileReference; fileEncoding = 4; lastKnownFileType = sourcecode.swift; path = SessionCredentials.swift; sourceTree = "<group>"; };
		5BB53FEB1C25D60500246130 /* UserSession.swift */ = {isa = PBXFileReference; fileEncoding = 4; lastKnownFileType = sourcecode.swift; path = UserSession.swift; sourceTree = "<group>"; };
		5BB53FED1C25D60500246130 /* AutodisposePool.swift */ = {isa = PBXFileReference; fileEncoding = 4; lastKnownFileType = sourcecode.swift; path = AutodisposePool.swift; sourceTree = "<group>"; };
		5BB53FEE1C25D60500246130 /* Disposable.swift */ = {isa = PBXFileReference; fileEncoding = 4; lastKnownFileType = sourcecode.swift; path = Disposable.swift; sourceTree = "<group>"; };
		5BB53FEF1C25D60500246130 /* Signal.swift */ = {isa = PBXFileReference; fileEncoding = 4; lastKnownFileType = sourcecode.swift; path = Signal.swift; sourceTree = "<group>"; };
		5BB53FF01C25D60500246130 /* DeinitNotifier.swift */ = {isa = PBXFileReference; fileEncoding = 4; lastKnownFileType = sourcecode.swift; path = DeinitNotifier.swift; sourceTree = "<group>"; };
		5BB53FF21C25D60500246130 /* TSTTransitionViewController.h */ = {isa = PBXFileReference; fileEncoding = 4; lastKnownFileType = sourcecode.c.h; path = TSTTransitionViewController.h; sourceTree = "<group>"; };
		5BB53FF31C25D60500246130 /* TSTTransitionViewController.m */ = {isa = PBXFileReference; fileEncoding = 4; lastKnownFileType = sourcecode.c.objc; path = TSTTransitionViewController.m; sourceTree = "<group>"; };
		5BB53FF51C25D60500246130 /* CollectionViewAdapter.swift */ = {isa = PBXFileReference; fileEncoding = 4; lastKnownFileType = sourcecode.swift; path = CollectionViewAdapter.swift; sourceTree = "<group>"; };
		5BB53FF61C25D60500246130 /* TableViewAdapter.swift */ = {isa = PBXFileReference; fileEncoding = 4; lastKnownFileType = sourcecode.swift; path = TableViewAdapter.swift; sourceTree = "<group>"; };
		5BB540411C25D6EF00246130 /* BridgingHeader.h */ = {isa = PBXFileReference; lastKnownFileType = sourcecode.c.h; path = BridgingHeader.h; sourceTree = "<group>"; };
		5BB540E31C26758B00246130 /* ListBasicTests.swift */ = {isa = PBXFileReference; fileEncoding = 4; lastKnownFileType = sourcecode.swift; path = ListBasicTests.swift; sourceTree = "<group>"; };
		5BBFBDF41C2681870001E5B3 /* KeychainItemWrapper.h */ = {isa = PBXFileReference; fileEncoding = 4; lastKnownFileType = sourcecode.c.h; path = KeychainItemWrapper.h; sourceTree = "<group>"; };
		5BBFBDF51C2681870001E5B3 /* KeychainItemWrapper.m */ = {isa = PBXFileReference; fileEncoding = 4; lastKnownFileType = sourcecode.c.objc; path = KeychainItemWrapper.m; sourceTree = "<group>"; };
		5BBFBDFF1C268AEE0001E5B3 /* UpdatesPoolTests.swift */ = {isa = PBXFileReference; fileEncoding = 4; lastKnownFileType = sourcecode.swift; path = UpdatesPoolTests.swift; sourceTree = "<group>"; };
		5BBFBE021C26A2750001E5B3 /* SignalTests.swift */ = {isa = PBXFileReference; fileEncoding = 4; lastKnownFileType = sourcecode.swift; path = SignalTests.swift; sourceTree = "<group>"; };
		5BD081A11C818A8D00269752 /* DeinitObservable.swift */ = {isa = PBXFileReference; fileEncoding = 4; lastKnownFileType = sourcecode.swift; path = DeinitObservable.swift; sourceTree = "<group>"; };
		5BD081AE1C819EA000269752 /* BubbleNotification.swift */ = {isa = PBXFileReference; fileEncoding = 4; lastKnownFileType = sourcecode.swift; path = BubbleNotification.swift; sourceTree = "<group>"; };
		5BD081B91C81DDC100269752 /* SessionControllerConfiguration.swift */ = {isa = PBXFileReference; fileEncoding = 4; lastKnownFileType = sourcecode.swift; path = SessionControllerConfiguration.swift; sourceTree = "<group>"; };
		5BD958931C27DB7700B5A3C0 /* AutodisposePoolTests.swift */ = {isa = PBXFileReference; fileEncoding = 4; lastKnownFileType = sourcecode.swift; path = AutodisposePoolTests.swift; sourceTree = "<group>"; };
		5BFBD4C71C27D8A6002B17F0 /* SubscriptionTests.swift */ = {isa = PBXFileReference; fileEncoding = 4; lastKnownFileType = sourcecode.swift; path = SubscriptionTests.swift; sourceTree = "<group>"; };
/* End PBXFileReference section */

/* Begin PBXFrameworksBuildPhase section */
		5BB53FA51C25D5AC00246130 /* Frameworks */ = {
			isa = PBXFrameworksBuildPhase;
			buildActionMask = 2147483647;
			files = (
			);
			runOnlyForDeploymentPostprocessing = 0;
		};
		5BB53FB01C25D5AC00246130 /* Frameworks */ = {
			isa = PBXFrameworksBuildPhase;
			buildActionMask = 2147483647;
			files = (
				5BB53FB41C25D5AC00246130 /* ModelsTreeKit.framework in Frameworks */,
			);
			runOnlyForDeploymentPostprocessing = 0;
		};
/* End PBXFrameworksBuildPhase section */

/* Begin PBXGroup section */
		5B1F9DB71C8BC57100F96644 /* UIKit+Signal */ = {
			isa = PBXGroup;
			children = (
				5B1F9DB81C8BC57100F96644 /* UITextField+Signal.swift */,
				5B1F9DBA1C8BC5AA00F96644 /* USegmentedControl+Signal.swift */,
				5B1F9DBD1C8BD04800F96644 /* UISwitch+Signal.swift */,
				5B1F9DBF1C8BD6F200F96644 /* UISlider+Signal.swift */,
				5B1F9DC11C8BE2E100F96644 /* UIStepper+Signal.swift */,
				5B1F9DC31C8BEC7300F96644 /* UIControl+Signal.swift */,
				5B0DE7081C9507E100D02053 /* UIButton+Signal.swift */,
			);
			path = "UIKit+Signal";
			sourceTree = "<group>";
		};
		5BB53F9F1C25D5AC00246130 = {
			isa = PBXGroup;
			children = (
				5BB53FAB1C25D5AC00246130 /* ModelsTreeKit */,
				5BB53FB71C25D5AC00246130 /* ModelsTreeKitTests */,
				5BB53FAA1C25D5AC00246130 /* Products */,
			);
			sourceTree = "<group>";
		};
		5BB53FAA1C25D5AC00246130 /* Products */ = {
			isa = PBXGroup;
			children = (
				5BB53FA91C25D5AC00246130 /* ModelsTreeKit.framework */,
				5BB53FB31C25D5AC00246130 /* ModelsTreeKitTests.xctest */,
			);
			name = Products;
			sourceTree = "<group>";
		};
		5BB53FAB1C25D5AC00246130 /* ModelsTreeKit */ = {
			isa = PBXGroup;
			children = (
				5BB53FC41C25D60500246130 /* Classes */,
				5BB53FAC1C25D5AC00246130 /* ModelsTreeKit.h */,
				5BB540411C25D6EF00246130 /* BridgingHeader.h */,
				5BB53FAE1C25D5AC00246130 /* Info.plist */,
			);
			path = ModelsTreeKit;
			sourceTree = "<group>";
		};
		5BB53FB71C25D5AC00246130 /* ModelsTreeKitTests */ = {
			isa = PBXGroup;
			children = (
				5BB540E31C26758B00246130 /* ListBasicTests.swift */,
				5B1508EB1C2943E6009A880C /* DeinitSignalTests.swift */,
				5B8BAC861C27BEFA000389C2 /* ListTests.swift */,
				5BBFBE021C26A2750001E5B3 /* SignalTests.swift */,
				5BFBD4C71C27D8A6002B17F0 /* SubscriptionTests.swift */,
				5B18E10E1C853EC600FD22B4 /* ValuesStackTests.swift */,
				5BD958931C27DB7700B5A3C0 /* AutodisposePoolTests.swift */,
				5BBFBDFF1C268AEE0001E5B3 /* UpdatesPoolTests.swift */,
				5BB53FBA1C25D5AC00246130 /* Info.plist */,
			);
			path = ModelsTreeKitTests;
			sourceTree = "<group>";
		};
		5BB53FC41C25D60500246130 /* Classes */ = {
			isa = PBXGroup;
			children = (
				5BD081AD1C819E9800269752 /* Bubble */,
				5BB53FC51C25D60500246130 /* Archivable */,
				5BB53FCB1C25D60500246130 /* Error */,
				5BB53FCE1C25D60500246130 /* Extensions */,
				5BB53FD01C25D60500246130 /* Keychain Wrapper */,
				5BB53FD31C25D60500246130 /* Lists */,
				5BB53FD81C25D60500246130 /* Model */,
				5BB53FDB1C25D60500246130 /* Protocols */,
				5BB53FDE1C25D60500246130 /* Root Protocols */,
				5BB53FE01C25D60500246130 /* Service */,
				5BB53FE21C25D60500246130 /* Service Locator */,
				5BB53FE41C25D60500246130 /* SessionController */,
				5BB53FEC1C25D60500246130 /* Signal */,
				5BB53FF11C25D60500246130 /* Transition Controller */,
				5BB53FF41C25D60500246130 /* UIKit */,
			);
			path = Classes;
			sourceTree = "<group>";
		};
		5BB53FC51C25D60500246130 /* Archivable */ = {
			isa = PBXGroup;
			children = (
				5BB53FC61C25D60500246130 /* Archivable.swift */,
			);
			path = Archivable;
			sourceTree = "<group>";
		};
		5BB53FCB1C25D60500246130 /* Error */ = {
			isa = PBXGroup;
			children = (
				5BB53FCC1C25D60500246130 /* Error.swift */,
			);
			path = Error;
			sourceTree = "<group>";
		};
		5BB53FCE1C25D60500246130 /* Extensions */ = {
			isa = PBXGroup;
			children = (
				5BB53FCF1C25D60500246130 /* Array+Extensions.swift */,
			);
			path = Extensions;
			sourceTree = "<group>";
		};
		5BB53FD01C25D60500246130 /* Keychain Wrapper */ = {
			isa = PBXGroup;
			children = (
				5BBFBDF41C2681870001E5B3 /* KeychainItemWrapper.h */,
				5BBFBDF51C2681870001E5B3 /* KeychainItemWrapper.m */,
			);
			path = "Keychain Wrapper";
			sourceTree = "<group>";
		};
		5BB53FD31C25D60500246130 /* Lists */ = {
			isa = PBXGroup;
			children = (
				5BB53FD41C25D60500246130 /* List.swift */,
				5BB53FD51C25D60500246130 /* ListDataSource.swift */,
				5BB53FD61C25D60500246130 /* ObjectsDataSource.swift */,
				5BB53FD71C25D60500246130 /* StaticDataSource.swift */,
			);
			path = Lists;
			sourceTree = "<group>";
		};
		5BB53FD81C25D60500246130 /* Model */ = {
			isa = PBXGroup;
			children = (
				5BB53FD91C25D60500246130 /* Model.swift */,
				5BB53FDA1C25D60500246130 /* ModelAssignable.swift */,
				5BD081A11C818A8D00269752 /* DeinitObservable.swift */,
			);
			path = Model;
			sourceTree = "<group>";
		};
		5BB53FDB1C25D60500246130 /* Protocols */ = {
			isa = PBXGroup;
			children = (
				5BB53FDC1C25D60500246130 /* ObjectConsuming.swift */,
				5BB53FDD1C25D60500246130 /* TableViewCell.swift */,
			);
			path = Protocols;
			sourceTree = "<group>";
		};
		5BB53FDE1C25D60500246130 /* Root Protocols */ = {
			isa = PBXGroup;
			children = (
				5BB53FDF1C25D60500246130 /* RootProtocols.swift */,
			);
			path = "Root Protocols";
			sourceTree = "<group>";
		};
		5BB53FE01C25D60500246130 /* Service */ = {
			isa = PBXGroup;
			children = (
				5BB53FE11C25D60500246130 /* Service.swift */,
			);
			path = Service;
			sourceTree = "<group>";
		};
		5BB53FE21C25D60500246130 /* Service Locator */ = {
			isa = PBXGroup;
			children = (
				5BB53FE31C25D60500246130 /* ServiceLocator.swift */,
			);
			path = "Service Locator";
			sourceTree = "<group>";
		};
		5BB53FE41C25D60500246130 /* SessionController */ = {
			isa = PBXGroup;
			children = (
				5BB53FE51C25D60500246130 /* LoginSession.swift */,
				5BB53FE61C25D60500246130 /* Session.swift */,
				5BB53FE81C25D60500246130 /* SessionController.swift */,
				5BD081B91C81DDC100269752 /* SessionControllerConfiguration.swift */,
				5BB53FE91C25D60500246130 /* SessionCredentials.swift */,
				5BB53FEB1C25D60500246130 /* UserSession.swift */,
				5B18E0D01C8359D900FD22B4 /* SessionEvent.swift */,
			);
			path = SessionController;
			sourceTree = "<group>";
		};
		5BB53FEC1C25D60500246130 /* Signal */ = {
			isa = PBXGroup;
			children = (
				5B1F9DB71C8BC57100F96644 /* UIKit+Signal */,
				5B18E0D41C835F6000FD22B4 /* NSObject+DeinitObservable.swift */,
				5B18E0D51C835F6000FD22B4 /* NSObject+Pool.swift */,
				5BB53FED1C25D60500246130 /* AutodisposePool.swift */,
				5BB53FEE1C25D60500246130 /* Disposable.swift */,
				5BB53FEF1C25D60500246130 /* Signal.swift */,
				5B18E10C1C853C1900FD22B4 /* ValuesStack.swift */,
				5BB53FF01C25D60500246130 /* DeinitNotifier.swift */,
			);
			path = Signal;
			sourceTree = "<group>";
		};
		5BB53FF11C25D60500246130 /* Transition Controller */ = {
			isa = PBXGroup;
			children = (
				5BB53FF21C25D60500246130 /* TSTTransitionViewController.h */,
				5BB53FF31C25D60500246130 /* TSTTransitionViewController.m */,
			);
			path = "Transition Controller";
			sourceTree = "<group>";
		};
		5BB53FF41C25D60500246130 /* UIKit */ = {
			isa = PBXGroup;
			children = (
				5BB53FF51C25D60500246130 /* CollectionViewAdapter.swift */,
				5BB53FF61C25D60500246130 /* TableViewAdapter.swift */,
			);
			path = UIKit;
			sourceTree = "<group>";
		};
		5BD081AD1C819E9800269752 /* Bubble */ = {
			isa = PBXGroup;
			children = (
				5BD081AE1C819EA000269752 /* BubbleNotification.swift */,
			);
			path = Bubble;
			sourceTree = "<group>";
		};
/* End PBXGroup section */

/* Begin PBXHeadersBuildPhase section */
		5BB53FA61C25D5AC00246130 /* Headers */ = {
			isa = PBXHeadersBuildPhase;
			buildActionMask = 2147483647;
			files = (
				5BB53FAD1C25D5AC00246130 /* ModelsTreeKit.h in Headers */,
				5BB540421C25D6F300246130 /* BridgingHeader.h in Headers */,
				5BB540341C25D60500246130 /* TSTTransitionViewController.h in Headers */,
				5BBFBDF61C2681870001E5B3 /* KeychainItemWrapper.h in Headers */,
			);
			runOnlyForDeploymentPostprocessing = 0;
		};
/* End PBXHeadersBuildPhase section */

/* Begin PBXNativeTarget section */
		5BB53FA81C25D5AC00246130 /* ModelsTreeKit */ = {
			isa = PBXNativeTarget;
			buildConfigurationList = 5BB53FBD1C25D5AC00246130 /* Build configuration list for PBXNativeTarget "ModelsTreeKit" */;
			buildPhases = (
				5BB53FA41C25D5AC00246130 /* Sources */,
				5BB53FA51C25D5AC00246130 /* Frameworks */,
				5BB53FA61C25D5AC00246130 /* Headers */,
				5BB53FA71C25D5AC00246130 /* Resources */,
			);
			buildRules = (
			);
			dependencies = (
			);
			name = ModelsTreeKit;
			productName = ModelsTreeKit;
			productReference = 5BB53FA91C25D5AC00246130 /* ModelsTreeKit.framework */;
			productType = "com.apple.product-type.framework";
		};
		5BB53FB21C25D5AC00246130 /* ModelsTreeKitTests */ = {
			isa = PBXNativeTarget;
			buildConfigurationList = 5BB53FC01C25D5AC00246130 /* Build configuration list for PBXNativeTarget "ModelsTreeKitTests" */;
			buildPhases = (
				5BB53FAF1C25D5AC00246130 /* Sources */,
				5BB53FB01C25D5AC00246130 /* Frameworks */,
				5BB53FB11C25D5AC00246130 /* Resources */,
			);
			buildRules = (
			);
			dependencies = (
				5BB53FB61C25D5AC00246130 /* PBXTargetDependency */,
			);
			name = ModelsTreeKitTests;
			productName = ModelsTreeKitTests;
			productReference = 5BB53FB31C25D5AC00246130 /* ModelsTreeKitTests.xctest */;
			productType = "com.apple.product-type.bundle.unit-test";
		};
/* End PBXNativeTarget section */

/* Begin PBXProject section */
		5BB53FA01C25D5AC00246130 /* Project object */ = {
			isa = PBXProject;
			attributes = {
				LastSwiftUpdateCheck = 0710;
				LastUpgradeCheck = 0710;
				ORGANIZATIONNAME = "aleksey chernish";
				TargetAttributes = {
					5BB53FA81C25D5AC00246130 = {
						CreatedOnToolsVersion = 7.1.1;
					};
					5BB53FB21C25D5AC00246130 = {
						CreatedOnToolsVersion = 7.1.1;
					};
				};
			};
			buildConfigurationList = 5BB53FA31C25D5AC00246130 /* Build configuration list for PBXProject "ModelsTreeKit" */;
			compatibilityVersion = "Xcode 3.2";
			developmentRegion = English;
			hasScannedForEncodings = 0;
			knownRegions = (
				en,
			);
			mainGroup = 5BB53F9F1C25D5AC00246130;
			productRefGroup = 5BB53FAA1C25D5AC00246130 /* Products */;
			projectDirPath = "";
			projectRoot = "";
			targets = (
				5BB53FA81C25D5AC00246130 /* ModelsTreeKit */,
				5BB53FB21C25D5AC00246130 /* ModelsTreeKitTests */,
			);
		};
/* End PBXProject section */

/* Begin PBXResourcesBuildPhase section */
		5BB53FA71C25D5AC00246130 /* Resources */ = {
			isa = PBXResourcesBuildPhase;
			buildActionMask = 2147483647;
			files = (
			);
			runOnlyForDeploymentPostprocessing = 0;
		};
		5BB53FB11C25D5AC00246130 /* Resources */ = {
			isa = PBXResourcesBuildPhase;
			buildActionMask = 2147483647;
			files = (
			);
			runOnlyForDeploymentPostprocessing = 0;
		};
/* End PBXResourcesBuildPhase section */

/* Begin PBXSourcesBuildPhase section */
		5BB53FA41C25D5AC00246130 /* Sources */ = {
			isa = PBXSourcesBuildPhase;
			buildActionMask = 2147483647;
			files = (
				5BB5402C1C25D60500246130 /* AutodisposePool.swift in Sources */,
				5BB540321C25D60500246130 /* DeinitNotifier.swift in Sources */,
				5B1F9DC21C8BE2E100F96644 /* UIStepper+Signal.swift in Sources */,
				5BB540301C25D60500246130 /* Signal.swift in Sources */,
				5BB5402E1C25D60500246130 /* Disposable.swift in Sources */,
				5BB540201C25D60500246130 /* Session.swift in Sources */,
				5B18E0D11C8359D900FD22B4 /* SessionEvent.swift in Sources */,
				5BB5401C1C25D60500246130 /* ServiceLocator.swift in Sources */,
				5BB540161C25D60500246130 /* TableViewCell.swift in Sources */,
				5B1F9DBB1C8BC5AA00F96644 /* USegmentedControl+Signal.swift in Sources */,
				5BB540351C25D60500246130 /* TSTTransitionViewController.m in Sources */,
				5BB53FFF1C25D60500246130 /* Error.swift in Sources */,
				5BD081A21C818A8D00269752 /* DeinitObservable.swift in Sources */,
				5B18E0D61C835F6000FD22B4 /* NSObject+DeinitObservable.swift in Sources */,
				5BB5401E1C25D60500246130 /* LoginSession.swift in Sources */,
				5BB5400E1C25D60500246130 /* StaticDataSource.swift in Sources */,
				5BB5402A1C25D60500246130 /* UserSession.swift in Sources */,
				5BB540081C25D60500246130 /* List.swift in Sources */,
				5BBFBDF71C2681870001E5B3 /* KeychainItemWrapper.m in Sources */,
				5B18E10D1C853C1900FD22B4 /* ValuesStack.swift in Sources */,
				5BB540101C25D60500246130 /* Model.swift in Sources */,
				5BB540031C25D60500246130 /* Array+Extensions.swift in Sources */,
				5BB53FF91C25D60500246130 /* Archivable.swift in Sources */,
				5BB540181C25D60500246130 /* RootProtocols.swift in Sources */,
				5BB540241C25D60500246130 /* SessionController.swift in Sources */,
				5BB540391C25D60500246130 /* TableViewAdapter.swift in Sources */,
				5BD081AF1C819EA000269752 /* BubbleNotification.swift in Sources */,
				5B1F9DC41C8BEC7300F96644 /* UIControl+Signal.swift in Sources */,
				5B1F9DBE1C8BD04800F96644 /* UISwitch+Signal.swift in Sources */,
				5B18E0D71C835F6000FD22B4 /* NSObject+Pool.swift in Sources */,
				5B1F9DB91C8BC57100F96644 /* UITextField+Signal.swift in Sources */,
				5BB5400A1C25D60500246130 /* ListDataSource.swift in Sources */,
				5B1F9DC01C8BD6F200F96644 /* UISlider+Signal.swift in Sources */,
				5BB5400C1C25D60500246130 /* ObjectsDataSource.swift in Sources */,
				5BB540371C25D60500246130 /* CollectionViewAdapter.swift in Sources */,
				5BB5401A1C25D60500246130 /* Service.swift in Sources */,
				5BB540141C25D60500246130 /* ObjectConsuming.swift in Sources */,
				5B18E1131C85417500FD22B4 /* SessionCredentials.swift in Sources */,
				5B0DE7091C9507E100D02053 /* UIButton+Signal.swift in Sources */,
				5BD081BA1C81DDC100269752 /* SessionControllerConfiguration.swift in Sources */,
				5BB540121C25D60500246130 /* ModelAssignable.swift in Sources */,
			);
			runOnlyForDeploymentPostprocessing = 0;
		};
		5BB53FAF1C25D5AC00246130 /* Sources */ = {
			isa = PBXSourcesBuildPhase;
			buildActionMask = 2147483647;
			files = (
				5BBFBE011C268AEE0001E5B3 /* UpdatesPoolTests.swift in Sources */,
				5BB540171C25D60500246130 /* TableViewCell.swift in Sources */,
				5B1508EC1C2943E6009A880C /* DeinitSignalTests.swift in Sources */,
				5BBFBE041C26A2750001E5B3 /* SignalTests.swift in Sources */,
				5BB5400D1C25D60500246130 /* ObjectsDataSource.swift in Sources */,
				5BB540151C25D60500246130 /* ObjectConsuming.swift in Sources */,
				5BBFBDF81C2681870001E5B3 /* KeychainItemWrapper.m in Sources */,
				5BB5401B1C25D60500246130 /* Service.swift in Sources */,
				5BB5400F1C25D60500246130 /* StaticDataSource.swift in Sources */,
				5BB540361C25D60500246130 /* TSTTransitionViewController.m in Sources */,
				5B18E10F1C853EC600FD22B4 /* ValuesStackTests.swift in Sources */,
				5BB5402B1C25D60500246130 /* UserSession.swift in Sources */,
				5BB540E41C26758B00246130 /* ListBasicTests.swift in Sources */,
				5BB540041C25D60500246130 /* Array+Extensions.swift in Sources */,
				5BB5402D1C25D60500246130 /* AutodisposePool.swift in Sources */,
				5BB53FFA1C25D60500246130 /* Archivable.swift in Sources */,
				5BB540131C25D60500246130 /* ModelAssignable.swift in Sources */,
				5BB540001C25D60500246130 /* Error.swift in Sources */,
				5BB540331C25D60500246130 /* DeinitNotifier.swift in Sources */,
				5BB5401D1C25D60500246130 /* ServiceLocator.swift in Sources */,
				5BB540191C25D60500246130 /* RootProtocols.swift in Sources */,
				5BFBD4C81C27D8A6002B17F0 /* SubscriptionTests.swift in Sources */,
				5BB5401F1C25D60500246130 /* LoginSession.swift in Sources */,
				5BB540091C25D60500246130 /* List.swift in Sources */,
			);
			runOnlyForDeploymentPostprocessing = 0;
		};
/* End PBXSourcesBuildPhase section */

/* Begin PBXTargetDependency section */
		5BB53FB61C25D5AC00246130 /* PBXTargetDependency */ = {
			isa = PBXTargetDependency;
			target = 5BB53FA81C25D5AC00246130 /* ModelsTreeKit */;
			targetProxy = 5BB53FB51C25D5AC00246130 /* PBXContainerItemProxy */;
		};
/* End PBXTargetDependency section */

/* Begin XCBuildConfiguration section */
		5BB53FBB1C25D5AC00246130 /* Debug */ = {
			isa = XCBuildConfiguration;
			buildSettings = {
				ALWAYS_SEARCH_USER_PATHS = NO;
				CLANG_CXX_LANGUAGE_STANDARD = "gnu++0x";
				CLANG_CXX_LIBRARY = "libc++";
				CLANG_ENABLE_MODULES = YES;
				CLANG_ENABLE_OBJC_ARC = YES;
				CLANG_WARN_BOOL_CONVERSION = YES;
				CLANG_WARN_CONSTANT_CONVERSION = YES;
				CLANG_WARN_DIRECT_OBJC_ISA_USAGE = YES_ERROR;
				CLANG_WARN_EMPTY_BODY = YES;
				CLANG_WARN_ENUM_CONVERSION = YES;
				CLANG_WARN_INT_CONVERSION = YES;
				CLANG_WARN_OBJC_ROOT_CLASS = YES_ERROR;
				CLANG_WARN_UNREACHABLE_CODE = YES;
				CLANG_WARN__DUPLICATE_METHOD_MATCH = YES;
				"CODE_SIGN_IDENTITY[sdk=iphoneos*]" = "iPhone Developer";
				COPY_PHASE_STRIP = NO;
				CURRENT_PROJECT_VERSION = 1;
				DEBUG_INFORMATION_FORMAT = dwarf;
				ENABLE_STRICT_OBJC_MSGSEND = YES;
				ENABLE_TESTABILITY = YES;
				GCC_C_LANGUAGE_STANDARD = gnu99;
				GCC_DYNAMIC_NO_PIC = NO;
				GCC_NO_COMMON_BLOCKS = YES;
				GCC_OPTIMIZATION_LEVEL = 0;
				GCC_PREPROCESSOR_DEFINITIONS = (
					"DEBUG=1",
					"$(inherited)",
				);
				GCC_WARN_64_TO_32_BIT_CONVERSION = YES;
				GCC_WARN_ABOUT_RETURN_TYPE = YES_ERROR;
				GCC_WARN_UNDECLARED_SELECTOR = YES;
				GCC_WARN_UNINITIALIZED_AUTOS = YES_AGGRESSIVE;
				GCC_WARN_UNUSED_FUNCTION = YES;
				GCC_WARN_UNUSED_VARIABLE = YES;
				IPHONEOS_DEPLOYMENT_TARGET = 8.4;
				MTL_ENABLE_DEBUG_INFO = YES;
				ONLY_ACTIVE_ARCH = YES;
				SDKROOT = iphoneos;
				SWIFT_OPTIMIZATION_LEVEL = "-Onone";
				TARGETED_DEVICE_FAMILY = "1,2";
				VERSIONING_SYSTEM = "apple-generic";
				VERSION_INFO_PREFIX = "";
			};
			name = Debug;
		};
		5BB53FBC1C25D5AC00246130 /* Release */ = {
			isa = XCBuildConfiguration;
			buildSettings = {
				ALWAYS_SEARCH_USER_PATHS = NO;
				CLANG_CXX_LANGUAGE_STANDARD = "gnu++0x";
				CLANG_CXX_LIBRARY = "libc++";
				CLANG_ENABLE_MODULES = YES;
				CLANG_ENABLE_OBJC_ARC = YES;
				CLANG_WARN_BOOL_CONVERSION = YES;
				CLANG_WARN_CONSTANT_CONVERSION = YES;
				CLANG_WARN_DIRECT_OBJC_ISA_USAGE = YES_ERROR;
				CLANG_WARN_EMPTY_BODY = YES;
				CLANG_WARN_ENUM_CONVERSION = YES;
				CLANG_WARN_INT_CONVERSION = YES;
				CLANG_WARN_OBJC_ROOT_CLASS = YES_ERROR;
				CLANG_WARN_UNREACHABLE_CODE = YES;
				CLANG_WARN__DUPLICATE_METHOD_MATCH = YES;
				"CODE_SIGN_IDENTITY[sdk=iphoneos*]" = "iPhone Developer";
				COPY_PHASE_STRIP = NO;
				CURRENT_PROJECT_VERSION = 1;
				DEBUG_INFORMATION_FORMAT = "dwarf-with-dsym";
				ENABLE_NS_ASSERTIONS = NO;
				ENABLE_STRICT_OBJC_MSGSEND = YES;
				GCC_C_LANGUAGE_STANDARD = gnu99;
				GCC_NO_COMMON_BLOCKS = YES;
				GCC_WARN_64_TO_32_BIT_CONVERSION = YES;
				GCC_WARN_ABOUT_RETURN_TYPE = YES_ERROR;
				GCC_WARN_UNDECLARED_SELECTOR = YES;
				GCC_WARN_UNINITIALIZED_AUTOS = YES_AGGRESSIVE;
				GCC_WARN_UNUSED_FUNCTION = YES;
				GCC_WARN_UNUSED_VARIABLE = YES;
				IPHONEOS_DEPLOYMENT_TARGET = 8.4;
				MTL_ENABLE_DEBUG_INFO = NO;
				SDKROOT = iphoneos;
				TARGETED_DEVICE_FAMILY = "1,2";
				VALIDATE_PRODUCT = YES;
				VERSIONING_SYSTEM = "apple-generic";
				VERSION_INFO_PREFIX = "";
			};
			name = Release;
		};
		5BB53FBE1C25D5AC00246130 /* Debug */ = {
			isa = XCBuildConfiguration;
			buildSettings = {
				DEFINES_MODULE = YES;
				DYLIB_COMPATIBILITY_VERSION = 1;
				DYLIB_CURRENT_VERSION = 1;
				DYLIB_INSTALL_NAME_BASE = "@rpath";
				INFOPLIST_FILE = ModelsTreeKit/Info.plist;
				INSTALL_PATH = "$(LOCAL_LIBRARY_DIR)/Frameworks";
				IPHONEOS_DEPLOYMENT_TARGET = 8.4;
				LD_RUNPATH_SEARCH_PATHS = "$(inherited) @executable_path/Frameworks @loader_path/Frameworks";
				PRODUCT_BUNDLE_IDENTIFIER = AC.ModelsTreeKit;
				PRODUCT_NAME = "$(TARGET_NAME)";
				SKIP_INSTALL = YES;
			};
			name = Debug;
		};
		5BB53FBF1C25D5AC00246130 /* Release */ = {
			isa = XCBuildConfiguration;
			buildSettings = {
				DEFINES_MODULE = YES;
				DYLIB_COMPATIBILITY_VERSION = 1;
				DYLIB_CURRENT_VERSION = 1;
				DYLIB_INSTALL_NAME_BASE = "@rpath";
				INFOPLIST_FILE = ModelsTreeKit/Info.plist;
				INSTALL_PATH = "$(LOCAL_LIBRARY_DIR)/Frameworks";
				IPHONEOS_DEPLOYMENT_TARGET = 8.4;
				LD_RUNPATH_SEARCH_PATHS = "$(inherited) @executable_path/Frameworks @loader_path/Frameworks";
				PRODUCT_BUNDLE_IDENTIFIER = AC.ModelsTreeKit;
				PRODUCT_NAME = "$(TARGET_NAME)";
				SKIP_INSTALL = YES;
			};
			name = Release;
		};
		5BB53FC11C25D5AC00246130 /* Debug */ = {
			isa = XCBuildConfiguration;
			buildSettings = {
				DEFINES_MODULE = NO;
				INFOPLIST_FILE = ModelsTreeKitTests/Info.plist;
				LD_RUNPATH_SEARCH_PATHS = "$(inherited) @executable_path/Frameworks @loader_path/Frameworks";
				PRODUCT_BUNDLE_IDENTIFIER = AC.ModelsTreeKitTests;
				PRODUCT_NAME = "$(TARGET_NAME)";
				SWIFT_OBJC_BRIDGING_HEADER = $SRCROOT/ModelsTreeKit/BridgingHeader.h;
			};
			name = Debug;
		};
		5BB53FC21C25D5AC00246130 /* Release */ = {
			isa = XCBuildConfiguration;
			buildSettings = {
				DEFINES_MODULE = NO;
				INFOPLIST_FILE = ModelsTreeKitTests/Info.plist;
				LD_RUNPATH_SEARCH_PATHS = "$(inherited) @executable_path/Frameworks @loader_path/Frameworks";
				PRODUCT_BUNDLE_IDENTIFIER = AC.ModelsTreeKitTests;
				PRODUCT_NAME = "$(TARGET_NAME)";
				SWIFT_OBJC_BRIDGING_HEADER = $SRCROOT/ModelsTreeKit/BridgingHeader.h;
			};
			name = Release;
		};
/* End XCBuildConfiguration section */

/* Begin XCConfigurationList section */
		5BB53FA31C25D5AC00246130 /* Build configuration list for PBXProject "ModelsTreeKit" */ = {
			isa = XCConfigurationList;
			buildConfigurations = (
				5BB53FBB1C25D5AC00246130 /* Debug */,
				5BB53FBC1C25D5AC00246130 /* Release */,
			);
			defaultConfigurationIsVisible = 0;
			defaultConfigurationName = Release;
		};
		5BB53FBD1C25D5AC00246130 /* Build configuration list for PBXNativeTarget "ModelsTreeKit" */ = {
			isa = XCConfigurationList;
			buildConfigurations = (
				5BB53FBE1C25D5AC00246130 /* Debug */,
				5BB53FBF1C25D5AC00246130 /* Release */,
			);
			defaultConfigurationIsVisible = 0;
			defaultConfigurationName = Release;
		};
		5BB53FC01C25D5AC00246130 /* Build configuration list for PBXNativeTarget "ModelsTreeKitTests" */ = {
			isa = XCConfigurationList;
			buildConfigurations = (
				5BB53FC11C25D5AC00246130 /* Debug */,
				5BB53FC21C25D5AC00246130 /* Release */,
			);
			defaultConfigurationIsVisible = 0;
			defaultConfigurationName = Release;
		};
/* End XCConfigurationList section */
	};
	rootObject = 5BB53FA01C25D5AC00246130 /* Project object */;
}
